// !$*UTF8*$!
{
	archiveVersion = 1;
	classes = {
	};
	objectVersion = 46;
	objects = {

/* Begin PBXBuildFile section */
		49B2D4B31D15053E008999A8 /* AppDelegate.swift in Sources */ = {isa = PBXBuildFile; fileRef = 49B2D4B21D15053E008999A8 /* AppDelegate.swift */; };
		49B2D4B51D15053E008999A8 /* ViewController.swift in Sources */ = {isa = PBXBuildFile; fileRef = 49B2D4B41D15053E008999A8 /* ViewController.swift */; };
		49B2D4B81D15053E008999A8 /* Main.storyboard in Resources */ = {isa = PBXBuildFile; fileRef = 49B2D4B61D15053E008999A8 /* Main.storyboard */; };
		49B2D4BA1D15053E008999A8 /* Assets.xcassets in Resources */ = {isa = PBXBuildFile; fileRef = 49B2D4B91D15053E008999A8 /* Assets.xcassets */; };
		49B2D4BD1D15053E008999A8 /* LaunchScreen.storyboard in Resources */ = {isa = PBXBuildFile; fileRef = 49B2D4BB1D15053E008999A8 /* LaunchScreen.storyboard */; };
		49B2D4C81D15053E008999A8 /* ShameBellTests.swift in Sources */ = {isa = PBXBuildFile; fileRef = 49B2D4C71D15053E008999A8 /* ShameBellTests.swift */; };
		49B2D4D31D15053E008999A8 /* ShameBellUITests.swift in Sources */ = {isa = PBXBuildFile; fileRef = 49B2D4D21D15053E008999A8 /* ShameBellUITests.swift */; };
		49B2D4E51D150CBC008999A8 /* dingshame.mp3 in Resources */ = {isa = PBXBuildFile; fileRef = 49B2D4E41D150CBC008999A8 /* dingshame.mp3 */; };
		49B2D4E71D150FEC008999A8 /* shamenun.jpg in Resources */ = {isa = PBXBuildFile; fileRef = 49B2D4E61D150FEC008999A8 /* shamenun.jpg */; };
/* End PBXBuildFile section */

/* Begin PBXContainerItemProxy section */
		49B2D4C41D15053E008999A8 /* PBXContainerItemProxy */ = {
			isa = PBXContainerItemProxy;
			containerPortal = 49B2D4A71D15053D008999A8 /* Project object */;
			proxyType = 1;
			remoteGlobalIDString = 49B2D4AE1D15053D008999A8;
			remoteInfo = ShameBell;
		};
		49B2D4CF1D15053E008999A8 /* PBXContainerItemProxy */ = {
			isa = PBXContainerItemProxy;
			containerPortal = 49B2D4A71D15053D008999A8 /* Project object */;
			proxyType = 1;
			remoteGlobalIDString = 49B2D4AE1D15053D008999A8;
			remoteInfo = ShameBell;
		};
/* End PBXContainerItemProxy section */

/* Begin PBXFileReference section */
		49B2D4AF1D15053D008999A8 /* ShameBell.app */ = {isa = PBXFileReference; explicitFileType = wrapper.application; includeInIndex = 0; path = ShameBell.app; sourceTree = BUILT_PRODUCTS_DIR; };
		49B2D4B21D15053E008999A8 /* AppDelegate.swift */ = {isa = PBXFileReference; lastKnownFileType = sourcecode.swift; path = AppDelegate.swift; sourceTree = "<group>"; };
		49B2D4B41D15053E008999A8 /* ViewController.swift */ = {isa = PBXFileReference; lastKnownFileType = sourcecode.swift; path = ViewController.swift; sourceTree = "<group>"; };
		49B2D4B71D15053E008999A8 /* Base */ = {isa = PBXFileReference; lastKnownFileType = file.storyboard; name = Base; path = Base.lproj/Main.storyboard; sourceTree = "<group>"; };
		49B2D4B91D15053E008999A8 /* Assets.xcassets */ = {isa = PBXFileReference; lastKnownFileType = folder.assetcatalog; path = Assets.xcassets; sourceTree = "<group>"; };
		49B2D4BC1D15053E008999A8 /* Base */ = {isa = PBXFileReference; lastKnownFileType = file.storyboard; name = Base; path = Base.lproj/LaunchScreen.storyboard; sourceTree = "<group>"; };
		49B2D4BE1D15053E008999A8 /* Info.plist */ = {isa = PBXFileReference; lastKnownFileType = text.plist.xml; path = Info.plist; sourceTree = "<group>"; };
		49B2D4C31D15053E008999A8 /* ShameBellTests.xctest */ = {isa = PBXFileReference; explicitFileType = wrapper.cfbundle; includeInIndex = 0; path = ShameBellTests.xctest; sourceTree = BUILT_PRODUCTS_DIR; };
		49B2D4C71D15053E008999A8 /* ShameBellTests.swift */ = {isa = PBXFileReference; lastKnownFileType = sourcecode.swift; path = ShameBellTests.swift; sourceTree = "<group>"; };
		49B2D4C91D15053E008999A8 /* Info.plist */ = {isa = PBXFileReference; lastKnownFileType = text.plist.xml; path = Info.plist; sourceTree = "<group>"; };
		49B2D4CE1D15053E008999A8 /* ShameBellUITests.xctest */ = {isa = PBXFileReference; explicitFileType = wrapper.cfbundle; includeInIndex = 0; path = ShameBellUITests.xctest; sourceTree = BUILT_PRODUCTS_DIR; };
		49B2D4D21D15053E008999A8 /* ShameBellUITests.swift */ = {isa = PBXFileReference; lastKnownFileType = sourcecode.swift; path = ShameBellUITests.swift; sourceTree = "<group>"; };
		49B2D4D41D15053E008999A8 /* Info.plist */ = {isa = PBXFileReference; lastKnownFileType = text.plist.xml; path = Info.plist; sourceTree = "<group>"; };
		49B2D4E41D150CBC008999A8 /* dingshame.mp3 */ = {isa = PBXFileReference; lastKnownFileType = audio.mp3; name = dingshame.mp3; path = ../../../../../../Desktop/dingshame.mp3; sourceTree = "<group>"; };
		49B2D4E61D150FEC008999A8 /* shamenun.jpg */ = {isa = PBXFileReference; lastKnownFileType = image.jpeg; name = shamenun.jpg; path = ../../../../../../Desktop/shamenun.jpg; sourceTree = "<group>"; };
/* End PBXFileReference section */

/* Begin PBXFrameworksBuildPhase section */
		49B2D4AC1D15053D008999A8 /* Frameworks */ = {
			isa = PBXFrameworksBuildPhase;
			buildActionMask = 2147483647;
			files = (
			);
			runOnlyForDeploymentPostprocessing = 0;
		};
		49B2D4C01D15053E008999A8 /* Frameworks */ = {
			isa = PBXFrameworksBuildPhase;
			buildActionMask = 2147483647;
			files = (
			);
			runOnlyForDeploymentPostprocessing = 0;
		};
		49B2D4CB1D15053E008999A8 /* Frameworks */ = {
			isa = PBXFrameworksBuildPhase;
			buildActionMask = 2147483647;
			files = (
			);
			runOnlyForDeploymentPostprocessing = 0;
		};
/* End PBXFrameworksBuildPhase section */

/* Begin PBXGroup section */
		49B2D4A61D15053D008999A8 = {
			isa = PBXGroup;
			children = (
				49B2D4B11D15053E008999A8 /* ShameBell */,
				49B2D4C61D15053E008999A8 /* ShameBellTests */,
				49B2D4D11D15053E008999A8 /* ShameBellUITests */,
				49B2D4B01D15053D008999A8 /* Products */,
			);
			sourceTree = "<group>";
		};
		49B2D4B01D15053D008999A8 /* Products */ = {
			isa = PBXGroup;
			children = (
				49B2D4AF1D15053D008999A8 /* ShameBell.app */,
				49B2D4C31D15053E008999A8 /* ShameBellTests.xctest */,
				49B2D4CE1D15053E008999A8 /* ShameBellUITests.xctest */,
			);
			name = Products;
			sourceTree = "<group>";
		};
		49B2D4B11D15053E008999A8 /* ShameBell */ = {
			isa = PBXGroup;
			children = (
				49B2D4E61D150FEC008999A8 /* shamenun.jpg */,
				49B2D4E41D150CBC008999A8 /* dingshame.mp3 */,
				49B2D4B21D15053E008999A8 /* AppDelegate.swift */,
				49B2D4B41D15053E008999A8 /* ViewController.swift */,
				49B2D4B61D15053E008999A8 /* Main.storyboard */,
				49B2D4B91D15053E008999A8 /* Assets.xcassets */,
				49B2D4BB1D15053E008999A8 /* LaunchScreen.storyboard */,
				49B2D4BE1D15053E008999A8 /* Info.plist */,
			);
			path = ShameBell;
			sourceTree = "<group>";
		};
		49B2D4C61D15053E008999A8 /* ShameBellTests */ = {
			isa = PBXGroup;
			children = (
				49B2D4C71D15053E008999A8 /* ShameBellTests.swift */,
				49B2D4C91D15053E008999A8 /* Info.plist */,
			);
			path = ShameBellTests;
			sourceTree = "<group>";
		};
		49B2D4D11D15053E008999A8 /* ShameBellUITests */ = {
			isa = PBXGroup;
			children = (
				49B2D4D21D15053E008999A8 /* ShameBellUITests.swift */,
				49B2D4D41D15053E008999A8 /* Info.plist */,
			);
			path = ShameBellUITests;
			sourceTree = "<group>";
		};
/* End PBXGroup section */

/* Begin PBXNativeTarget section */
		49B2D4AE1D15053D008999A8 /* ShameBell */ = {
			isa = PBXNativeTarget;
			buildConfigurationList = 49B2D4D71D15053E008999A8 /* Build configuration list for PBXNativeTarget "ShameBell" */;
			buildPhases = (
				49B2D4AB1D15053D008999A8 /* Sources */,
				49B2D4AC1D15053D008999A8 /* Frameworks */,
				49B2D4AD1D15053D008999A8 /* Resources */,
			);
			buildRules = (
			);
			dependencies = (
			);
			name = ShameBell;
			productName = ShameBell;
			productReference = 49B2D4AF1D15053D008999A8 /* ShameBell.app */;
			productType = "com.apple.product-type.application";
		};
		49B2D4C21D15053E008999A8 /* ShameBellTests */ = {
			isa = PBXNativeTarget;
			buildConfigurationList = 49B2D4DA1D15053E008999A8 /* Build configuration list for PBXNativeTarget "ShameBellTests" */;
			buildPhases = (
				49B2D4BF1D15053E008999A8 /* Sources */,
				49B2D4C01D15053E008999A8 /* Frameworks */,
				49B2D4C11D15053E008999A8 /* Resources */,
			);
			buildRules = (
			);
			dependencies = (
				49B2D4C51D15053E008999A8 /* PBXTargetDependency */,
			);
			name = ShameBellTests;
			productName = ShameBellTests;
			productReference = 49B2D4C31D15053E008999A8 /* ShameBellTests.xctest */;
			productType = "com.apple.product-type.bundle.unit-test";
		};
		49B2D4CD1D15053E008999A8 /* ShameBellUITests */ = {
			isa = PBXNativeTarget;
			buildConfigurationList = 49B2D4DD1D15053E008999A8 /* Build configuration list for PBXNativeTarget "ShameBellUITests" */;
			buildPhases = (
				49B2D4CA1D15053E008999A8 /* Sources */,
				49B2D4CB1D15053E008999A8 /* Frameworks */,
				49B2D4CC1D15053E008999A8 /* Resources */,
			);
			buildRules = (
			);
			dependencies = (
				49B2D4D01D15053E008999A8 /* PBXTargetDependency */,
			);
			name = ShameBellUITests;
			productName = ShameBellUITests;
			productReference = 49B2D4CE1D15053E008999A8 /* ShameBellUITests.xctest */;
			productType = "com.apple.product-type.bundle.ui-testing";
		};
/* End PBXNativeTarget section */

/* Begin PBXProject section */
		49B2D4A71D15053D008999A8 /* Project object */ = {
			isa = PBXProject;
			attributes = {
				LastSwiftUpdateCheck = 0730;
				LastUpgradeCheck = 0730;
				ORGANIZATIONNAME = "Walter Galan";
				TargetAttributes = {
					49B2D4AE1D15053D008999A8 = {
						CreatedOnToolsVersion = 7.3.1;
						DevelopmentTeam = X7UW93LK76;
					};
					49B2D4C21D15053E008999A8 = {
						CreatedOnToolsVersion = 7.3.1;
						DevelopmentTeam = X7UW93LK76;
						TestTargetID = 49B2D4AE1D15053D008999A8;
					};
					49B2D4CD1D15053E008999A8 = {
						CreatedOnToolsVersion = 7.3.1;
						DevelopmentTeam = X7UW93LK76;
						TestTargetID = 49B2D4AE1D15053D008999A8;
					};
				};
			};
			buildConfigurationList = 49B2D4AA1D15053D008999A8 /* Build configuration list for PBXProject "ShameBell" */;
			compatibilityVersion = "Xcode 3.2";
			developmentRegion = English;
			hasScannedForEncodings = 0;
			knownRegions = (
				en,
				Base,
			);
			mainGroup = 49B2D4A61D15053D008999A8;
			productRefGroup = 49B2D4B01D15053D008999A8 /* Products */;
			projectDirPath = "";
			projectRoot = "";
			targets = (
				49B2D4AE1D15053D008999A8 /* ShameBell */,
				49B2D4C21D15053E008999A8 /* ShameBellTests */,
				49B2D4CD1D15053E008999A8 /* ShameBellUITests */,
			);
		};
/* End PBXProject section */

/* Begin PBXResourcesBuildPhase section */
		49B2D4AD1D15053D008999A8 /* Resources */ = {
			isa = PBXResourcesBuildPhase;
			buildActionMask = 2147483647;
			files = (
				49B2D4E71D150FEC008999A8 /* shamenun.jpg in Resources */,
				49B2D4BD1D15053E008999A8 /* LaunchScreen.storyboard in Resources */,
				49B2D4BA1D15053E008999A8 /* Assets.xcassets in Resources */,
				49B2D4E51D150CBC008999A8 /* dingshame.mp3 in Resources */,
				49B2D4B81D15053E008999A8 /* Main.storyboard in Resources */,
			);
			runOnlyForDeploymentPostprocessing = 0;
		};
		49B2D4C11D15053E008999A8 /* Resources */ = {
			isa = PBXResourcesBuildPhase;
			buildActionMask = 2147483647;
			files = (
			);
			runOnlyForDeploymentPostprocessing = 0;
		};
		49B2D4CC1D15053E008999A8 /* Resources */ = {
			isa = PBXResourcesBuildPhase;
			buildActionMask = 2147483647;
			files = (
			);
			runOnlyForDeploymentPostprocessing = 0;
		};
/* End PBXResourcesBuildPhase section */

/* Begin PBXSourcesBuildPhase section */
		49B2D4AB1D15053D008999A8 /* Sources */ = {
			isa = PBXSourcesBuildPhase;
			buildActionMask = 2147483647;
			files = (
				49B2D4B51D15053E008999A8 /* ViewController.swift in Sources */,
				49B2D4B31D15053E008999A8 /* AppDelegate.swift in Sources */,
			);
			runOnlyForDeploymentPostprocessing = 0;
		};
		49B2D4BF1D15053E008999A8 /* Sources */ = {
			isa = PBXSourcesBuildPhase;
			buildActionMask = 2147483647;
			files = (
				49B2D4C81D15053E008999A8 /* ShameBellTests.swift in Sources */,
			);
			runOnlyForDeploymentPostprocessing = 0;
		};
		49B2D4CA1D15053E008999A8 /* Sources */ = {
			isa = PBXSourcesBuildPhase;
			buildActionMask = 2147483647;
			files = (
				49B2D4D31D15053E008999A8 /* ShameBellUITests.swift in Sources */,
			);
			runOnlyForDeploymentPostprocessing = 0;
		};
/* End PBXSourcesBuildPhase section */

/* Begin PBXTargetDependency section */
		49B2D4C51D15053E008999A8 /* PBXTargetDependency */ = {
			isa = PBXTargetDependency;
			target = 49B2D4AE1D15053D008999A8 /* ShameBell */;
			targetProxy = 49B2D4C41D15053E008999A8 /* PBXContainerItemProxy */;
		};
		49B2D4D01D15053E008999A8 /* PBXTargetDependency */ = {
			isa = PBXTargetDependency;
			target = 49B2D4AE1D15053D008999A8 /* ShameBell */;
			targetProxy = 49B2D4CF1D15053E008999A8 /* PBXContainerItemProxy */;
		};
/* End PBXTargetDependency section */

/* Begin PBXVariantGroup section */
		49B2D4B61D15053E008999A8 /* Main.storyboard */ = {
			isa = PBXVariantGroup;
			children = (
				49B2D4B71D15053E008999A8 /* Base */,
			);
			name = Main.storyboard;
			sourceTree = "<group>";
		};
		49B2D4BB1D15053E008999A8 /* LaunchScreen.storyboard */ = {
			isa = PBXVariantGroup;
			children = (
				49B2D4BC1D15053E008999A8 /* Base */,
			);
			name = LaunchScreen.storyboard;
			sourceTree = "<group>";
		};
/* End PBXVariantGroup section */

/* Begin XCBuildConfiguration section */
		49B2D4D51D15053E008999A8 /* Debug */ = {
			isa = XCBuildConfiguration;
			buildSettings = {
				ALWAYS_SEARCH_USER_PATHS = NO;
				CLANG_ANALYZER_NONNULL = YES;
				CLANG_CXX_LANGUAGE_STANDARD = "gnu++0x";
				CLANG_CXX_LIBRARY = "libc++";
				CLANG_ENABLE_MODULES = YES;
				CLANG_ENABLE_OBJC_ARC = YES;
				CLANG_WARN_BOOL_CONVERSION = YES;
				CLANG_WARN_CONSTANT_CONVERSION = YES;
				CLANG_WARN_DIRECT_OBJC_ISA_USAGE = YES_ERROR;
				CLANG_WARN_EMPTY_BODY = YES;
				CLANG_WARN_ENUM_CONVERSION = YES;
				CLANG_WARN_INT_CONVERSION = YES;
				CLANG_WARN_OBJC_ROOT_CLASS = YES_ERROR;
				CLANG_WARN_UNREACHABLE_CODE = YES;
				CLANG_WARN__DUPLICATE_METHOD_MATCH = YES;
				"CODE_SIGN_IDENTITY[sdk=iphoneos*]" = "iPhone Developer";
				COPY_PHASE_STRIP = NO;
				DEBUG_INFORMATION_FORMAT = dwarf;
				ENABLE_STRICT_OBJC_MSGSEND = YES;
				ENABLE_TESTABILITY = YES;
				GCC_C_LANGUAGE_STANDARD = gnu99;
				GCC_DYNAMIC_NO_PIC = NO;
				GCC_NO_COMMON_BLOCKS = YES;
				GCC_OPTIMIZATION_LEVEL = 0;
				GCC_PREPROCESSOR_DEFINITIONS = (
					"DEBUG=1",
					"$(inherited)",
				);
				GCC_WARN_64_TO_32_BIT_CONVERSION = YES;
				GCC_WARN_ABOUT_RETURN_TYPE = YES_ERROR;
				GCC_WARN_UNDECLARED_SELECTOR = YES;
				GCC_WARN_UNINITIALIZED_AUTOS = YES_AGGRESSIVE;
				GCC_WARN_UNUSED_FUNCTION = YES;
				GCC_WARN_UNUSED_VARIABLE = YES;
				IPHONEOS_DEPLOYMENT_TARGET = 9.3;
				MTL_ENABLE_DEBUG_INFO = YES;
				ONLY_ACTIVE_ARCH = YES;
				SDKROOT = iphoneos;
				SWIFT_OPTIMIZATION_LEVEL = "-Onone";
			};
			name = Debug;
		};
		49B2D4D61D15053E008999A8 /* Release */ = {
			isa = XCBuildConfiguration;
			buildSettings = {
				ALWAYS_SEARCH_USER_PATHS = NO;
				CLANG_ANALYZER_NONNULL = YES;
				CLANG_CXX_LANGUAGE_STANDARD = "gnu++0x";
				CLANG_CXX_LIBRARY = "libc++";
				CLANG_ENABLE_MODULES = YES;
				CLANG_ENABLE_OBJC_ARC = YES;
				CLANG_WARN_BOOL_CONVERSION = YES;
				CLANG_WARN_CONSTANT_CONVERSION = YES;
				CLANG_WARN_DIRECT_OBJC_ISA_USAGE = YES_ERROR;
				CLANG_WARN_EMPTY_BODY = YES;
				CLANG_WARN_ENUM_CONVERSION = YES;
				CLANG_WARN_INT_CONVERSION = YES;
				CLANG_WARN_OBJC_ROOT_CLASS = YES_ERROR;
				CLANG_WARN_UNREACHABLE_CODE = YES;
				CLANG_WARN__DUPLICATE_METHOD_MATCH = YES;
				"CODE_SIGN_IDENTITY[sdk=iphoneos*]" = "iPhone Developer";
				COPY_PHASE_STRIP = NO;
				DEBUG_INFORMATION_FORMAT = "dwarf-with-dsym";
				ENABLE_NS_ASSERTIONS = NO;
				ENABLE_STRICT_OBJC_MSGSEND = YES;
				GCC_C_LANGUAGE_STANDARD = gnu99;
				GCC_NO_COMMON_BLOCKS = YES;
				GCC_WARN_64_TO_32_BIT_CONVERSION = YES;
				GCC_WARN_ABOUT_RETURN_TYPE = YES_ERROR;
				GCC_WARN_UNDECLARED_SELECTOR = YES;
				GCC_WARN_UNINITIALIZED_AUTOS = YES_AGGRESSIVE;
				GCC_WARN_UNUSED_FUNCTION = YES;
				GCC_WARN_UNUSED_VARIABLE = YES;
				IPHONEOS_DEPLOYMENT_TARGET = 9.3;
				MTL_ENABLE_DEBUG_INFO = NO;
				SDKROOT = iphoneos;
				VALIDATE_PRODUCT = YES;
			};
			name = Release;
		};
		49B2D4D81D15053E008999A8 /* Debug */ = {
			isa = XCBuildConfiguration;
			buildSettings = {
				ASSETCATALOG_COMPILER_APPICON_NAME = AppIcon;
				INFOPLIST_FILE = ShameBell/Info.plist;
				LD_RUNPATH_SEARCH_PATHS = "$(inherited) @executable_path/Frameworks";
				PRODUCT_BUNDLE_IDENTIFIER = com.mr2incredible.ShameBell;
				PRODUCT_NAME = "$(TARGET_NAME)";
			};
			name = Debug;
		};
		49B2D4D91D15053E008999A8 /* Release */ = {
			isa = XCBuildConfiguration;
			buildSettings = {
				ASSETCATALOG_COMPILER_APPICON_NAME = AppIcon;
				INFOPLIST_FILE = ShameBell/Info.plist;
				LD_RUNPATH_SEARCH_PATHS = "$(inherited) @executable_path/Frameworks";
				PRODUCT_BUNDLE_IDENTIFIER = com.mr2incredible.ShameBell;
				PRODUCT_NAME = "$(TARGET_NAME)";
			};
			name = Release;
		};
		49B2D4DB1D15053E008999A8 /* Debug */ = {
			isa = XCBuildConfiguration;
			buildSettings = {
				BUNDLE_LOADER = "$(TEST_HOST)";
				INFOPLIST_FILE = ShameBellTests/Info.plist;
				LD_RUNPATH_SEARCH_PATHS = "$(inherited) @executable_path/Frameworks @loader_path/Frameworks";
				PRODUCT_BUNDLE_IDENTIFIER = com.mr2incredible.ShameBellTests;
				PRODUCT_NAME = "$(TARGET_NAME)";
				TEST_HOST = "$(BUILT_PRODUCTS_DIR)/ShameBell.app/ShameBell";
			};
			name = Debug;
		};
		49B2D4DC1D15053E008999A8 /* Release */ = {
			isa = XCBuildConfiguration;
			buildSettings = {
				BUNDLE_LOADER = "$(TEST_HOST)";
				INFOPLIST_FILE = ShameBellTests/Info.plist;
				LD_RUNPATH_SEARCH_PATHS = "$(inherited) @executable_path/Frameworks @loader_path/Frameworks";
				PRODUCT_BUNDLE_IDENTIFIER = com.mr2incredible.ShameBellTests;
				PRODUCT_NAME = "$(TARGET_NAME)";
				TEST_HOST = "$(BUILT_PRODUCTS_DIR)/ShameBell.app/ShameBell";
			};
			name = Release;
		};
		49B2D4DE1D15053E008999A8 /* Debug */ = {
			isa = XCBuildConfiguration;
			buildSettings = {
				INFOPLIST_FILE = ShameBellUITests/Info.plist;
				LD_RUNPATH_SEARCH_PATHS = "$(inherited) @executable_path/Frameworks @loader_path/Frameworks";
				PRODUCT_BUNDLE_IDENTIFIER = com.mr2incredible.ShameBellUITests;
				PRODUCT_NAME = "$(TARGET_NAME)";
				TEST_TARGET_NAME = ShameBell;
			};
			name = Debug;
		};
		49B2D4DF1D15053E008999A8 /* Release */ = {
			isa = XCBuildConfiguration;
			buildSettings = {
				INFOPLIST_FILE = ShameBellUITests/Info.plist;
				LD_RUNPATH_SEARCH_PATHS = "$(inherited) @executable_path/Frameworks @loader_path/Frameworks";
				PRODUCT_BUNDLE_IDENTIFIER = com.mr2incredible.ShameBellUITests;
				PRODUCT_NAME = "$(TARGET_NAME)";
				TEST_TARGET_NAME = ShameBell;
			};
			name = Release;
		};
/* End XCBuildConfiguration section */

/* Begin XCConfigurationList section */
		49B2D4AA1D15053D008999A8 /* Build configuration list for PBXProject "ShameBell" */ = {
			isa = XCConfigurationList;
			buildConfigurations = (
				49B2D4D51D15053E008999A8 /* Debug */,
				49B2D4D61D15053E008999A8 /* Release */,
			);
			defaultConfigurationIsVisible = 0;
			defaultConfigurationName = Release;
		};
		49B2D4D71D15053E008999A8 /* Build configuration list for PBXNativeTarget "ShameBell" */ = {
			isa = XCConfigurationList;
			buildConfigurations = (
				49B2D4D81D15053E008999A8 /* Debug */,
				49B2D4D91D15053E008999A8 /* Release */,
			);
			defaultConfigurationIsVisible = 0;
		};
		49B2D4DA1D15053E008999A8 /* Build configuration list for PBXNativeTarget "ShameBellTests" */ = {
			isa = XCConfigurationList;
			buildConfigurations = (
				49B2D4DB1D15053E008999A8 /* Debug */,
				49B2D4DC1D15053E008999A8 /* Release */,
			);
			defaultConfigurationIsVisible = 0;
		};
		49B2D4DD1D15053E008999A8 /* Build configuration list for PBXNativeTarget "ShameBellUITests" */ = {
			isa = XCConfigurationList;
			buildConfigurations = (
				49B2D4DE1D15053E008999A8 /* Debug */,
				49B2D4DF1D15053E008999A8 /* Release */,
			);
			defaultConfigurationIsVisible = 0;
		};
/* End XCConfigurationList section */
	};
	rootObject = 49B2D4A71D15053D008999A8 /* Project object */;
}
